
Microsoft Visual Studio Solution File, Format Version 12.00
# Visual Studio Version 16
VisualStudioVersion = 16.0.29424.173
MinimumVisualStudioVersion = 10.0.40219.1
Project("{2150E333-8FDC-42A3-9474-1A3956D46DE8}") = "BlazorTutorial.Core", "BlazorTutorial.Core", "{27B0045D-7C43-422A-97D3-DBEC69C7856B}"
EndProject
Project("{2150E333-8FDC-42A3-9474-1A3956D46DE8}") = "BlazorTutorial.Web", "BlazorTutorial.Web", "{106EE91C-DE2A-4CFF-B112-513C1AA2455F}"
EndProject
Project("{2150E333-8FDC-42A3-9474-1A3956D46DE8}") = "BlazorTutorial.DAL", "BlazorTutorial.DAL", "{FE44730F-02FC-45F0-8479-C42221F7DB02}"
EndProject
Project("{9A19103F-16F7-4668-BE54-9A1E7A4F7556}") = "BlazorTutorial.Core", "BlazorTutorial.Core\BlazorTutorial.Core.csproj", "{4D8472FA-0D9A-4A2E-95A7-9410BAE122E7}"
EndProject
Project("{9A19103F-16F7-4668-BE54-9A1E7A4F7556}") = "BlazorTutorial.Core.Web", "BlazorTutorial.Core.Web\BlazorTutorial.Core.Web.csproj", "{99616F5B-057E-4857-9CB1-621883E8317F}"
EndProject
Project("{9A19103F-16F7-4668-BE54-9A1E7A4F7556}") = "BlazorTutorial.DAL", "BlazorTutorial.DAL\BlazorTutorial.DAL.csproj", "{A26CC159-CA81-488E-A3CD-763B91CDBC75}"
EndProject
Project("{9A19103F-16F7-4668-BE54-9A1E7A4F7556}") = "BlazorTutorial.Web", "BlazorTutorial.Web\BlazorTutorial.Web.csproj", "{AFF04066-8026-430C-A12E-E0B7D08DC4F5}"
EndProject
Project("{FAE04EC0-301F-11D3-BF4B-00C04F79EFBC}") = "BlazorTutorial.DAL.Migrations", "BlazorTutorial.DAL.Migrations\BlazorTutorial.DAL.Migrations.csproj", "{EDDC323B-F7B1-4754-B870-4863A5CC5CE6}"
EndProject
Global
	GlobalSection(SolutionConfigurationPlatforms) = preSolution
		Debug|Any CPU = Debug|Any CPU
		Release|Any CPU = Release|Any CPU
	EndGlobalSection
	GlobalSection(ProjectConfigurationPlatforms) = postSolution
		{4D8472FA-0D9A-4A2E-95A7-9410BAE122E7}.Debug|Any CPU.ActiveCfg = Debug|Any CPU
		{4D8472FA-0D9A-4A2E-95A7-9410BAE122E7}.Debug|Any CPU.Build.0 = Debug|Any CPU
		{4D8472FA-0D9A-4A2E-95A7-9410BAE122E7}.Release|Any CPU.ActiveCfg = Release|Any CPU
		{4D8472FA-0D9A-4A2E-95A7-9410BAE122E7}.Release|Any CPU.Build.0 = Release|Any CPU
		{99616F5B-057E-4857-9CB1-621883E8317F}.Debug|Any CPU.ActiveCfg = Debug|Any CPU
		{99616F5B-057E-4857-9CB1-621883E8317F}.Debug|Any CPU.Build.0 = Debug|Any CPU
		{99616F5B-057E-4857-9CB1-621883E8317F}.Release|Any CPU.ActiveCfg = Release|Any CPU
		{99616F5B-057E-4857-9CB1-621883E8317F}.Release|Any CPU.Build.0 = Release|Any CPU
		{A26CC159-CA81-488E-A3CD-763B91CDBC75}.Debug|Any CPU.ActiveCfg = Debug|Any CPU
		{A26CC159-CA81-488E-A3CD-763B91CDBC75}.Debug|Any CPU.Build.0 = Debug|Any CPU
		{A26CC159-CA81-488E-A3CD-763B91CDBC75}.Release|Any CPU.ActiveCfg = Release|Any CPU
		{A26CC159-CA81-488E-A3CD-763B91CDBC75}.Release|Any CPU.Build.0 = Release|Any CPU
		{AFF04066-8026-430C-A12E-E0B7D08DC4F5}.Debug|Any CPU.ActiveCfg = Debug|Any CPU
		{AFF04066-8026-430C-A12E-E0B7D08DC4F5}.Debug|Any CPU.Build.0 = Debug|Any CPU
		{AFF04066-8026-430C-A12E-E0B7D08DC4F5}.Release|Any CPU.ActiveCfg = Release|Any CPU
		{AFF04066-8026-430C-A12E-E0B7D08DC4F5}.Release|Any CPU.Build.0 = Release|Any CPU
		{EDDC323B-F7B1-4754-B870-4863A5CC5CE6}.Debug|Any CPU.ActiveCfg = Debug|Any CPU
		{EDDC323B-F7B1-4754-B870-4863A5CC5CE6}.Debug|Any CPU.Build.0 = Debug|Any CPU
		{EDDC323B-F7B1-4754-B870-4863A5CC5CE6}.Release|Any CPU.ActiveCfg = Release|Any CPU
		{EDDC323B-F7B1-4754-B870-4863A5CC5CE6}.Release|Any CPU.Build.0 = Release|Any CPU
	EndGlobalSection
	GlobalSection(SolutionProperties) = preSolution
		HideSolutionNode = FALSE
	EndGlobalSection
	GlobalSection(NestedProjects) = preSolution
		{4D8472FA-0D9A-4A2E-95A7-9410BAE122E7} = {27B0045D-7C43-422A-97D3-DBEC69C7856B}
		{99616F5B-057E-4857-9CB1-621883E8317F} = {27B0045D-7C43-422A-97D3-DBEC69C7856B}
		{A26CC159-CA81-488E-A3CD-763B91CDBC75} = {FE44730F-02FC-45F0-8479-C42221F7DB02}
		{AFF04066-8026-430C-A12E-E0B7D08DC4F5} = {106EE91C-DE2A-4CFF-B112-513C1AA2455F}
		{EDDC323B-F7B1-4754-B870-4863A5CC5CE6} = {FE44730F-02FC-45F0-8479-C42221F7DB02}
	EndGlobalSection
	GlobalSection(ExtensibilityGlobals) = postSolution
		SolutionGuid = {DA1F5664-EB5A-4074-9549-B00FFEEE899B}
	EndGlobalSection
EndGlobal
